{
  "name": "auditguard-test-vulnerable",
  "version": "1.0.0",
  "lockfileVersion": 3,
  "requires": true,
  "packages": {
    "": {
      "name": "auditguard-test-vulnerable",
      "version": "1.0.0",
      "dependencies": {
        "minimist": "1.2.0",
        "lodash": "4.17.19"
      }
    },
    "node_modules/lodash": {
      "version": "4.17.19",
      "resolved": "https://registry.npmjs.org/lodash/-/lodash-4.17.19.tgz"
    },
    "node_modules/minimist": {
      "version": "1.2.0",
      "resolved": "https://registry.npmjs.org/minimist/-/minimist-1.2.0.tgz"
    }
  }
}
